
Microsoft Visual Studio Solution File, Format Version 12.00
# Visual Studio Version 17
VisualStudioVersion = 17.3.32929.385
MinimumVisualStudioVersion = 10.0.40219.1
Project("{FAE04EC0-301F-11D3-BF4B-00C04F79EFBC}") = "administracionCliente_Mvc", "administracionCliente_Mvc\administracionCliente_Mvc.csproj", "{1D19D721-F046-42E9-B317-59B252E0ABDD}"
EndProject
Global
	GlobalSection(SolutionConfigurationPlatforms) = preSolution
		Debug|Any CPU = Debug|Any CPU
		Release|Any CPU = Release|Any CPU
	EndGlobalSection
	GlobalSection(ProjectConfigurationPlatforms) = postSolution
		{1D19D721-F046-42E9-B317-59B252E0ABDD}.Debug|Any CPU.ActiveCfg = Debug|Any CPU
		{1D19D721-F046-42E9-B317-59B252E0ABDD}.Debug|Any CPU.Build.0 = Debug|Any CPU
		{1D19D721-F046-42E9-B317-59B252E0ABDD}.Release|Any CPU.ActiveCfg = Release|Any CPU
		{1D19D721-F046-42E9-B317-59B252E0ABDD}.Release|Any CPU.Build.0 = Release|Any CPU
	EndGlobalSection
	GlobalSection(SolutionProperties) = preSolution
		HideSolutionNode = FALSE
	EndGlobalSection
	GlobalSection(ExtensibilityGlobals) = postSolution
		SolutionGuid = {469D51CA-BA98-4434-A339-E83069C9F398}
	EndGlobalSection
EndGlobal
